
Microsoft Visual Studio Solution File, Format Version 12.00
# Visual Studio Version 16
VisualStudioVersion = 16.0.31702.278
MinimumVisualStudioVersion = 10.0.40219.1
Project("{FAE04EC0-301F-11D3-BF4B-00C04F79EFBC}") = "Namordnik", "Namordnik.csproj", "{B3895EED-7F93-490C-826B-EE1F0AE9DFBB}"
EndProject
Global
	GlobalSection(SolutionConfigurationPlatforms) = preSolution
		Debug|Any CPU = Debug|Any CPU
		Release|Any CPU = Release|Any CPU
	EndGlobalSection
	GlobalSection(ProjectConfigurationPlatforms) = postSolution
		{B3895EED-7F93-490C-826B-EE1F0AE9DFBB}.Debug|Any CPU.ActiveCfg = Debug|Any CPU
		{B3895EED-7F93-490C-826B-EE1F0AE9DFBB}.Debug|Any CPU.Build.0 = Debug|Any CPU
		{B3895EED-7F93-490C-826B-EE1F0AE9DFBB}.Release|Any CPU.ActiveCfg = Release|Any CPU
		{B3895EED-7F93-490C-826B-EE1F0AE9DFBB}.Release|Any CPU.Build.0 = Release|Any CPU
	EndGlobalSection
	GlobalSection(SolutionProperties) = preSolution
		HideSolutionNode = FALSE
	EndGlobalSection
	GlobalSection(ExtensibilityGlobals) = postSolution
		SolutionGuid = {FD854812-3E83-40C6-8EDD-725072789C2F}
	EndGlobalSection
EndGlobal
